// !$*UTF8*$!
{
	archiveVersion = 1;
	classes = {
	};
	objectVersion = 46;
	objects = {

/* Begin PBXBuildFile section */
		5DBBBBE71CC724C000DED7FC /* AppDelegate.swift in Sources */ = {isa = PBXBuildFile; fileRef = 5DBBBBE61CC724C000DED7FC /* AppDelegate.swift */; };
		5DBBBBE91CC724C000DED7FC /* ViewController.swift in Sources */ = {isa = PBXBuildFile; fileRef = 5DBBBBE81CC724C000DED7FC /* ViewController.swift */; };
		5DBBBBEC1CC724C000DED7FC /* Main.storyboard in Resources */ = {isa = PBXBuildFile; fileRef = 5DBBBBEA1CC724C000DED7FC /* Main.storyboard */; };
		5DBBBBEF1CC724C000DED7FC /* Demo_Of_Swift_Hello_World.xcdatamodeld in Sources */ = {isa = PBXBuildFile; fileRef = 5DBBBBED1CC724C000DED7FC /* Demo_Of_Swift_Hello_World.xcdatamodeld */; };
		5DBBBBF11CC724C000DED7FC /* Assets.xcassets in Resources */ = {isa = PBXBuildFile; fileRef = 5DBBBBF01CC724C000DED7FC /* Assets.xcassets */; };
		5DBBBBF41CC724C000DED7FC /* LaunchScreen.storyboard in Resources */ = {isa = PBXBuildFile; fileRef = 5DBBBBF21CC724C000DED7FC /* LaunchScreen.storyboard */; };
		5DBBBBFF1CC724C000DED7FC /* Demo_Of_Swift_Hello_WorldTests.swift in Sources */ = {isa = PBXBuildFile; fileRef = 5DBBBBFE1CC724C000DED7FC /* Demo_Of_Swift_Hello_WorldTests.swift */; };
		5DBBBC0A1CC724C000DED7FC /* Demo_Of_Swift_Hello_WorldUITests.swift in Sources */ = {isa = PBXBuildFile; fileRef = 5DBBBC091CC724C000DED7FC /* Demo_Of_Swift_Hello_WorldUITests.swift */; };
/* End PBXBuildFile section */

/* Begin PBXContainerItemProxy section */
		5DBBBBFB1CC724C000DED7FC /* PBXContainerItemProxy */ = {
			isa = PBXContainerItemProxy;
			containerPortal = 5DBBBBDB1CC724BF00DED7FC /* Project object */;
			proxyType = 1;
			remoteGlobalIDString = 5DBBBBE21CC724BF00DED7FC;
			remoteInfo = "Demo Of Swift Hello World";
		};
		5DBBBC061CC724C000DED7FC /* PBXContainerItemProxy */ = {
			isa = PBXContainerItemProxy;
			containerPortal = 5DBBBBDB1CC724BF00DED7FC /* Project object */;
			proxyType = 1;
			remoteGlobalIDString = 5DBBBBE21CC724BF00DED7FC;
			remoteInfo = "Demo Of Swift Hello World";
		};
/* End PBXContainerItemProxy section */

/* Begin PBXFileReference section */
		5DBBBBE31CC724BF00DED7FC /* Demo Of Swift Hello World.app */ = {isa = PBXFileReference; explicitFileType = wrapper.application; includeInIndex = 0; path = "Demo Of Swift Hello World.app"; sourceTree = BUILT_PRODUCTS_DIR; };
		5DBBBBE61CC724C000DED7FC /* AppDelegate.swift */ = {isa = PBXFileReference; lastKnownFileType = sourcecode.swift; path = AppDelegate.swift; sourceTree = "<group>"; };
		5DBBBBE81CC724C000DED7FC /* ViewController.swift */ = {isa = PBXFileReference; lastKnownFileType = sourcecode.swift; path = ViewController.swift; sourceTree = "<group>"; };
		5DBBBBEB1CC724C000DED7FC /* Base */ = {isa = PBXFileReference; lastKnownFileType = file.storyboard; name = Base; path = Base.lproj/Main.storyboard; sourceTree = "<group>"; };
		5DBBBBEE1CC724C000DED7FC /* Demo_Of_Swift_Hello_World.xcdatamodel */ = {isa = PBXFileReference; lastKnownFileType = wrapper.xcdatamodel; path = Demo_Of_Swift_Hello_World.xcdatamodel; sourceTree = "<group>"; };
		5DBBBBF01CC724C000DED7FC /* Assets.xcassets */ = {isa = PBXFileReference; lastKnownFileType = folder.assetcatalog; path = Assets.xcassets; sourceTree = "<group>"; };
		5DBBBBF31CC724C000DED7FC /* Base */ = {isa = PBXFileReference; lastKnownFileType = file.storyboard; name = Base; path = Base.lproj/LaunchScreen.storyboard; sourceTree = "<group>"; };
		5DBBBBF51CC724C000DED7FC /* Info.plist */ = {isa = PBXFileReference; lastKnownFileType = text.plist.xml; path = Info.plist; sourceTree = "<group>"; };
		5DBBBBFA1CC724C000DED7FC /* Demo Of Swift Hello WorldTests.xctest */ = {isa = PBXFileReference; explicitFileType = wrapper.cfbundle; includeInIndex = 0; path = "Demo Of Swift Hello WorldTests.xctest"; sourceTree = BUILT_PRODUCTS_DIR; };
		5DBBBBFE1CC724C000DED7FC /* Demo_Of_Swift_Hello_WorldTests.swift */ = {isa = PBXFileReference; lastKnownFileType = sourcecode.swift; path = Demo_Of_Swift_Hello_WorldTests.swift; sourceTree = "<group>"; };
		5DBBBC001CC724C000DED7FC /* Info.plist */ = {isa = PBXFileReference; lastKnownFileType = text.plist.xml; path = Info.plist; sourceTree = "<group>"; };
		5DBBBC051CC724C000DED7FC /* Demo Of Swift Hello WorldUITests.xctest */ = {isa = PBXFileReference; explicitFileType = wrapper.cfbundle; includeInIndex = 0; path = "Demo Of Swift Hello WorldUITests.xctest"; sourceTree = BUILT_PRODUCTS_DIR; };
		5DBBBC091CC724C000DED7FC /* Demo_Of_Swift_Hello_WorldUITests.swift */ = {isa = PBXFileReference; lastKnownFileType = sourcecode.swift; path = Demo_Of_Swift_Hello_WorldUITests.swift; sourceTree = "<group>"; };
		5DBBBC0B1CC724C000DED7FC /* Info.plist */ = {isa = PBXFileReference; lastKnownFileType = text.plist.xml; path = Info.plist; sourceTree = "<group>"; };
/* End PBXFileReference section */

/* Begin PBXFrameworksBuildPhase section */
		5DBBBBE01CC724BF00DED7FC /* Frameworks */ = {
			isa = PBXFrameworksBuildPhase;
			buildActionMask = 2147483647;
			files = (
			);
			runOnlyForDeploymentPostprocessing = 0;
		};
		5DBBBBF71CC724C000DED7FC /* Frameworks */ = {
			isa = PBXFrameworksBuildPhase;
			buildActionMask = 2147483647;
			files = (
			);
			runOnlyForDeploymentPostprocessing = 0;
		};
		5DBBBC021CC724C000DED7FC /* Frameworks */ = {
			isa = PBXFrameworksBuildPhase;
			buildActionMask = 2147483647;
			files = (
			);
			runOnlyForDeploymentPostprocessing = 0;
		};
/* End PBXFrameworksBuildPhase section */

/* Begin PBXGroup section */
		5DBBBBDA1CC724BF00DED7FC = {
			isa = PBXGroup;
			children = (
				5DBBBBE51CC724C000DED7FC /* Demo Of Swift Hello World */,
				5DBBBBFD1CC724C000DED7FC /* Demo Of Swift Hello WorldTests */,
				5DBBBC081CC724C000DED7FC /* Demo Of Swift Hello WorldUITests */,
				5DBBBBE41CC724BF00DED7FC /* Products */,
			);
			sourceTree = "<group>";
		};
		5DBBBBE41CC724BF00DED7FC /* Products */ = {
			isa = PBXGroup;
			children = (
				5DBBBBE31CC724BF00DED7FC /* Demo Of Swift Hello World.app */,
				5DBBBBFA1CC724C000DED7FC /* Demo Of Swift Hello WorldTests.xctest */,
				5DBBBC051CC724C000DED7FC /* Demo Of Swift Hello WorldUITests.xctest */,
			);
			name = Products;
			sourceTree = "<group>";
		};
		5DBBBBE51CC724C000DED7FC /* Demo Of Swift Hello World */ = {
			isa = PBXGroup;
			children = (
				5DBBBBE61CC724C000DED7FC /* AppDelegate.swift */,
				5DBBBBE81CC724C000DED7FC /* ViewController.swift */,
				5DBBBBEA1CC724C000DED7FC /* Main.storyboard */,
				5DBBBBF01CC724C000DED7FC /* Assets.xcassets */,
				5DBBBBF21CC724C000DED7FC /* LaunchScreen.storyboard */,
				5DBBBBF51CC724C000DED7FC /* Info.plist */,
				5DBBBBED1CC724C000DED7FC /* Demo_Of_Swift_Hello_World.xcdatamodeld */,
			);
			path = "Demo Of Swift Hello World";
			sourceTree = "<group>";
		};
		5DBBBBFD1CC724C000DED7FC /* Demo Of Swift Hello WorldTests */ = {
			isa = PBXGroup;
			children = (
				5DBBBBFE1CC724C000DED7FC /* Demo_Of_Swift_Hello_WorldTests.swift */,
				5DBBBC001CC724C000DED7FC /* Info.plist */,
			);
			path = "Demo Of Swift Hello WorldTests";
			sourceTree = "<group>";
		};
		5DBBBC081CC724C000DED7FC /* Demo Of Swift Hello WorldUITests */ = {
			isa = PBXGroup;
			children = (
				5DBBBC091CC724C000DED7FC /* Demo_Of_Swift_Hello_WorldUITests.swift */,
				5DBBBC0B1CC724C000DED7FC /* Info.plist */,
			);
			path = "Demo Of Swift Hello WorldUITests";
			sourceTree = "<group>";
		};
/* End PBXGroup section */

/* Begin PBXNativeTarget section */
		5DBBBBE21CC724BF00DED7FC /* Demo Of Swift Hello World */ = {
			isa = PBXNativeTarget;
			buildConfigurationList = 5DBBBC0E1CC724C000DED7FC /* Build configuration list for PBXNativeTarget "Demo Of Swift Hello World" */;
			buildPhases = (
				5DBBBBDF1CC724BF00DED7FC /* Sources */,
				5DBBBBE01CC724BF00DED7FC /* Frameworks */,
				5DBBBBE11CC724BF00DED7FC /* Resources */,
			);
			buildRules = (
			);
			dependencies = (
			);
			name = "Demo Of Swift Hello World";
			productName = "Demo Of Swift Hello World";
			productReference = 5DBBBBE31CC724BF00DED7FC /* Demo Of Swift Hello World.app */;
			productType = "com.apple.product-type.application";
		};
		5DBBBBF91CC724C000DED7FC /* Demo Of Swift Hello WorldTests */ = {
			isa = PBXNativeTarget;
			buildConfigurationList = 5DBBBC111CC724C000DED7FC /* Build configuration list for PBXNativeTarget "Demo Of Swift Hello WorldTests" */;
			buildPhases = (
				5DBBBBF61CC724C000DED7FC /* Sources */,
				5DBBBBF71CC724C000DED7FC /* Frameworks */,
				5DBBBBF81CC724C000DED7FC /* Resources */,
			);
			buildRules = (
			);
			dependencies = (
				5DBBBBFC1CC724C000DED7FC /* PBXTargetDependency */,
			);
			name = "Demo Of Swift Hello WorldTests";
			productName = "Demo Of Swift Hello WorldTests";
			productReference = 5DBBBBFA1CC724C000DED7FC /* Demo Of Swift Hello WorldTests.xctest */;
			productType = "com.apple.product-type.bundle.unit-test";
		};
		5DBBBC041CC724C000DED7FC /* Demo Of Swift Hello WorldUITests */ = {
			isa = PBXNativeTarget;
			buildConfigurationList = 5DBBBC141CC724C000DED7FC /* Build configuration list for PBXNativeTarget "Demo Of Swift Hello WorldUITests" */;
			buildPhases = (
				5DBBBC011CC724C000DED7FC /* Sources */,
				5DBBBC021CC724C000DED7FC /* Frameworks */,
				5DBBBC031CC724C000DED7FC /* Resources */,
			);
			buildRules = (
			);
			dependencies = (
				5DBBBC071CC724C000DED7FC /* PBXTargetDependency */,
			);
			name = "Demo Of Swift Hello WorldUITests";
			productName = "Demo Of Swift Hello WorldUITests";
			productReference = 5DBBBC051CC724C000DED7FC /* Demo Of Swift Hello WorldUITests.xctest */;
			productType = "com.apple.product-type.bundle.ui-testing";
		};
/* End PBXNativeTarget section */

/* Begin PBXProject section */
		5DBBBBDB1CC724BF00DED7FC /* Project object */ = {
			isa = PBXProject;
			attributes = {
				LastSwiftUpdateCheck = 0730;
				LastUpgradeCheck = 0730;
				ORGANIZATIONNAME = "Joel Parker Henderson";
				TargetAttributes = {
					5DBBBBE21CC724BF00DED7FC = {
						CreatedOnToolsVersion = 7.3;
					};
					5DBBBBF91CC724C000DED7FC = {
						CreatedOnToolsVersion = 7.3;
						TestTargetID = 5DBBBBE21CC724BF00DED7FC;
					};
					5DBBBC041CC724C000DED7FC = {
						CreatedOnToolsVersion = 7.3;
						TestTargetID = 5DBBBBE21CC724BF00DED7FC;
					};
				};
			};
			buildConfigurationList = 5DBBBBDE1CC724BF00DED7FC /* Build configuration list for PBXProject "Demo Of Swift Hello World" */;
			compatibilityVersion = "Xcode 3.2";
			developmentRegion = English;
			hasScannedForEncodings = 0;
			knownRegions = (
				en,
				Base,
			);
			mainGroup = 5DBBBBDA1CC724BF00DED7FC;
			productRefGroup = 5DBBBBE41CC724BF00DED7FC /* Products */;
			projectDirPath = "";
			projectRoot = "";
			targets = (
				5DBBBBE21CC724BF00DED7FC /* Demo Of Swift Hello World */,
				5DBBBBF91CC724C000DED7FC /* Demo Of Swift Hello WorldTests */,
				5DBBBC041CC724C000DED7FC /* Demo Of Swift Hello WorldUITests */,
			);
		};
/* End PBXProject section */

/* Begin PBXResourcesBuildPhase section */
		5DBBBBE11CC724BF00DED7FC /* Resources */ = {
			isa = PBXResourcesBuildPhase;
			buildActionMask = 2147483647;
			files = (
				5DBBBBF41CC724C000DED7FC /* LaunchScreen.storyboard in Resources */,
				5DBBBBF11CC724C000DED7FC /* Assets.xcassets in Resources */,
				5DBBBBEC1CC724C000DED7FC /* Main.storyboard in Resources */,
			);
			runOnlyForDeploymentPostprocessing = 0;
		};
		5DBBBBF81CC724C000DED7FC /* Resources */ = {
			isa = PBXResourcesBuildPhase;
			buildActionMask = 2147483647;
			files = (
			);
			runOnlyForDeploymentPostprocessing = 0;
		};
		5DBBBC031CC724C000DED7FC /* Resources */ = {
			isa = PBXResourcesBuildPhase;
			buildActionMask = 2147483647;
			files = (
			);
			runOnlyForDeploymentPostprocessing = 0;
		};
/* End PBXResourcesBuildPhase section */

/* Begin PBXSourcesBuildPhase section */
		5DBBBBDF1CC724BF00DED7FC /* Sources */ = {
			isa = PBXSourcesBuildPhase;
			buildActionMask = 2147483647;
			files = (
				5DBBBBE91CC724C000DED7FC /* ViewController.swift in Sources */,
				5DBBBBEF1CC724C000DED7FC /* Demo_Of_Swift_Hello_World.xcdatamodeld in Sources */,
				5DBBBBE71CC724C000DED7FC /* AppDelegate.swift in Sources */,
			);
			runOnlyForDeploymentPostprocessing = 0;
		};
		5DBBBBF61CC724C000DED7FC /* Sources */ = {
			isa = PBXSourcesBuildPhase;
			buildActionMask = 2147483647;
			files = (
				5DBBBBFF1CC724C000DED7FC /* Demo_Of_Swift_Hello_WorldTests.swift in Sources */,
			);
			runOnlyForDeploymentPostprocessing = 0;
		};
		5DBBBC011CC724C000DED7FC /* Sources */ = {
			isa = PBXSourcesBuildPhase;
			buildActionMask = 2147483647;
			files = (
				5DBBBC0A1CC724C000DED7FC /* Demo_Of_Swift_Hello_WorldUITests.swift in Sources */,
			);
			runOnlyForDeploymentPostprocessing = 0;
		};
/* End PBXSourcesBuildPhase section */

/* Begin PBXTargetDependency section */
		5DBBBBFC1CC724C000DED7FC /* PBXTargetDependency */ = {
			isa = PBXTargetDependency;
			target = 5DBBBBE21CC724BF00DED7FC /* Demo Of Swift Hello World */;
			targetProxy = 5DBBBBFB1CC724C000DED7FC /* PBXContainerItemProxy */;
		};
		5DBBBC071CC724C000DED7FC /* PBXTargetDependency */ = {
			isa = PBXTargetDependency;
			target = 5DBBBBE21CC724BF00DED7FC /* Demo Of Swift Hello World */;
			targetProxy = 5DBBBC061CC724C000DED7FC /* PBXContainerItemProxy */;
		};
/* End PBXTargetDependency section */

/* Begin PBXVariantGroup section */
		5DBBBBEA1CC724C000DED7FC /* Main.storyboard */ = {
			isa = PBXVariantGroup;
			children = (
				5DBBBBEB1CC724C000DED7FC /* Base */,
			);
			name = Main.storyboard;
			sourceTree = "<group>";
		};
		5DBBBBF21CC724C000DED7FC /* LaunchScreen.storyboard */ = {
			isa = PBXVariantGroup;
			children = (
				5DBBBBF31CC724C000DED7FC /* Base */,
			);
			name = LaunchScreen.storyboard;
			sourceTree = "<group>";
		};
/* End PBXVariantGroup section */

/* Begin XCBuildConfiguration section */
		5DBBBC0C1CC724C000DED7FC /* Debug */ = {
			isa = XCBuildConfiguration;
			buildSettings = {
				ALWAYS_SEARCH_USER_PATHS = NO;
				CLANG_ANALYZER_NONNULL = YES;
				CLANG_CXX_LANGUAGE_STANDARD = "gnu++0x";
				CLANG_CXX_LIBRARY = "libc++";
				CLANG_ENABLE_MODULES = YES;
				CLANG_ENABLE_OBJC_ARC = YES;
				CLANG_WARN_BOOL_CONVERSION = YES;
				CLANG_WARN_CONSTANT_CONVERSION = YES;
				CLANG_WARN_DIRECT_OBJC_ISA_USAGE = YES_ERROR;
				CLANG_WARN_EMPTY_BODY = YES;
				CLANG_WARN_ENUM_CONVERSION = YES;
				CLANG_WARN_INT_CONVERSION = YES;
				CLANG_WARN_OBJC_ROOT_CLASS = YES_ERROR;
				CLANG_WARN_UNREACHABLE_CODE = YES;
				CLANG_WARN__DUPLICATE_METHOD_MATCH = YES;
				"CODE_SIGN_IDENTITY[sdk=iphoneos*]" = "iPhone Developer";
				COPY_PHASE_STRIP = NO;
				DEBUG_INFORMATION_FORMAT = dwarf;
				ENABLE_STRICT_OBJC_MSGSEND = YES;
				ENABLE_TESTABILITY = YES;
				GCC_C_LANGUAGE_STANDARD = gnu99;
				GCC_DYNAMIC_NO_PIC = NO;
				GCC_NO_COMMON_BLOCKS = YES;
				GCC_OPTIMIZATION_LEVEL = 0;
				GCC_PREPROCESSOR_DEFINITIONS = (
					"DEBUG=1",
					"$(inherited)",
				);
				GCC_WARN_64_TO_32_BIT_CONVERSION = YES;
				GCC_WARN_ABOUT_RETURN_TYPE = YES_ERROR;
				GCC_WARN_UNDECLARED_SELECTOR = YES;
				GCC_WARN_UNINITIALIZED_AUTOS = YES_AGGRESSIVE;
				GCC_WARN_UNUSED_FUNCTION = YES;
				GCC_WARN_UNUSED_VARIABLE = YES;
				IPHONEOS_DEPLOYMENT_TARGET = 9.3;
				MTL_ENABLE_DEBUG_INFO = YES;
				ONLY_ACTIVE_ARCH = YES;
				SDKROOT = iphoneos;
				SWIFT_OPTIMIZATION_LEVEL = "-Onone";
				TARGETED_DEVICE_FAMILY = "1,2";
			};
			name = Debug;
		};
		5DBBBC0D1CC724C000DED7FC /* Release */ = {
			isa = XCBuildConfiguration;
			buildSettings = {
				ALWAYS_SEARCH_USER_PATHS = NO;
				CLANG_ANALYZER_NONNULL = YES;
				CLANG_CXX_LANGUAGE_STANDARD = "gnu++0x";
				CLANG_CXX_LIBRARY = "libc++";
				CLANG_ENABLE_MODULES = YES;
				CLANG_ENABLE_OBJC_ARC = YES;
				CLANG_WARN_BOOL_CONVERSION = YES;
				CLANG_WARN_CONSTANT_CONVERSION = YES;
				CLANG_WARN_DIRECT_OBJC_ISA_USAGE = YES_ERROR;
				CLANG_WARN_EMPTY_BODY = YES;
				CLANG_WARN_ENUM_CONVERSION = YES;
				CLANG_WARN_INT_CONVERSION = YES;
				CLANG_WARN_OBJC_ROOT_CLASS = YES_ERROR;
				CLANG_WARN_UNREACHABLE_CODE = YES;
				CLANG_WARN__DUPLICATE_METHOD_MATCH = YES;
				"CODE_SIGN_IDENTITY[sdk=iphoneos*]" = "iPhone Developer";
				COPY_PHASE_STRIP = NO;
				DEBUG_INFORMATION_FORMAT = "dwarf-with-dsym";
				ENABLE_NS_ASSERTIONS = NO;
				ENABLE_STRICT_OBJC_MSGSEND = YES;
				GCC_C_LANGUAGE_STANDARD = gnu99;
				GCC_NO_COMMON_BLOCKS = YES;
				GCC_WARN_64_TO_32_BIT_CONVERSION = YES;
				GCC_WARN_ABOUT_RETURN_TYPE = YES_ERROR;
				GCC_WARN_UNDECLARED_SELECTOR = YES;
				GCC_WARN_UNINITIALIZED_AUTOS = YES_AGGRESSIVE;
				GCC_WARN_UNUSED_FUNCTION = YES;
				GCC_WARN_UNUSED_VARIABLE = YES;
				IPHONEOS_DEPLOYMENT_TARGET = 9.3;
				MTL_ENABLE_DEBUG_INFO = NO;
				SDKROOT = iphoneos;
				TARGETED_DEVICE_FAMILY = "1,2";
				VALIDATE_PRODUCT = YES;
			};
			name = Release;
		};
		5DBBBC0F1CC724C000DED7FC /* Debug */ = {
			isa = XCBuildConfiguration;
			buildSettings = {
				ASSETCATALOG_COMPILER_APPICON_NAME = AppIcon;
				INFOPLIST_FILE = "Demo Of Swift Hello World/Info.plist";
				LD_RUNPATH_SEARCH_PATHS = "$(inherited) @executable_path/Frameworks";
				PRODUCT_BUNDLE_IDENTIFIER = "com.joelparkerhenderson.Demo-Of-Swift-Hello-World";
				PRODUCT_NAME = "$(TARGET_NAME)";
			};
			name = Debug;
		};
		5DBBBC101CC724C000DED7FC /* Release */ = {
			isa = XCBuildConfiguration;
			buildSettings = {
				ASSETCATALOG_COMPILER_APPICON_NAME = AppIcon;
				INFOPLIST_FILE = "Demo Of Swift Hello World/Info.plist";
				LD_RUNPATH_SEARCH_PATHS = "$(inherited) @executable_path/Frameworks";
				PRODUCT_BUNDLE_IDENTIFIER = "com.joelparkerhenderson.Demo-Of-Swift-Hello-World";
				PRODUCT_NAME = "$(TARGET_NAME)";
			};
			name = Release;
		};
		5DBBBC121CC724C000DED7FC /* Debug */ = {
			isa = XCBuildConfiguration;
			buildSettings = {
				BUNDLE_LOADER = "$(TEST_HOST)";
				INFOPLIST_FILE = "Demo Of Swift Hello WorldTests/Info.plist";
				LD_RUNPATH_SEARCH_PATHS = "$(inherited) @executable_path/Frameworks @loader_path/Frameworks";
				PRODUCT_BUNDLE_IDENTIFIER = "com.joelparkerhenderson.Demo-Of-Swift-Hello-WorldTests";
				PRODUCT_NAME = "$(TARGET_NAME)";
				TEST_HOST = "$(BUILT_PRODUCTS_DIR)/Demo Of Swift Hello World.app/Demo Of Swift Hello World";
			};
			name = Debug;
		};
		5DBBBC131CC724C000DED7FC /* Release */ = {
			isa = XCBuildConfiguration;
			buildSettings = {
				BUNDLE_LOADER = "$(TEST_HOST)";
				INFOPLIST_FILE = "Demo Of Swift Hello WorldTests/Info.plist";
				LD_RUNPATH_SEARCH_PATHS = "$(inherited) @executable_path/Frameworks @loader_path/Frameworks";
				PRODUCT_BUNDLE_IDENTIFIER = "com.joelparkerhenderson.Demo-Of-Swift-Hello-WorldTests";
				PRODUCT_NAME = "$(TARGET_NAME)";
				TEST_HOST = "$(BUILT_PRODUCTS_DIR)/Demo Of Swift Hello World.app/Demo Of Swift Hello World";
			};
			name = Release;
		};
		5DBBBC151CC724C000DED7FC /* Debug */ = {
			isa = XCBuildConfiguration;
			buildSettings = {
				INFOPLIST_FILE = "Demo Of Swift Hello WorldUITests/Info.plist";
				LD_RUNPATH_SEARCH_PATHS = "$(inherited) @executable_path/Frameworks @loader_path/Frameworks";
				PRODUCT_BUNDLE_IDENTIFIER = "com.joelparkerhenderson.Demo-Of-Swift-Hello-WorldUITests";
				PRODUCT_NAME = "$(TARGET_NAME)";
				TEST_TARGET_NAME = "Demo Of Swift Hello World";
			};
			name = Debug;
		};
		5DBBBC161CC724C000DED7FC /* Release */ = {
			isa = XCBuildConfiguration;
			buildSettings = {
				INFOPLIST_FILE = "Demo Of Swift Hello WorldUITests/Info.plist";
				LD_RUNPATH_SEARCH_PATHS = "$(inherited) @executable_path/Frameworks @loader_path/Frameworks";
				PRODUCT_BUNDLE_IDENTIFIER = "com.joelparkerhenderson.Demo-Of-Swift-Hello-WorldUITests";
				PRODUCT_NAME = "$(TARGET_NAME)";
				TEST_TARGET_NAME = "Demo Of Swift Hello World";
			};
			name = Release;
		};
/* End XCBuildConfiguration section */

/* Begin XCConfigurationList section */
		5DBBBBDE1CC724BF00DED7FC /* Build configuration list for PBXProject "Demo Of Swift Hello World" */ = {
			isa = XCConfigurationList;
			buildConfigurations = (
				5DBBBC0C1CC724C000DED7FC /* Debug */,
				5DBBBC0D1CC724C000DED7FC /* Release */,
			);
			defaultConfigurationIsVisible = 0;
			defaultConfigurationName = Release;
		};
		5DBBBC0E1CC724C000DED7FC /* Build configuration list for PBXNativeTarget "Demo Of Swift Hello World" */ = {
			isa = XCConfigurationList;
			buildConfigurations = (
				5DBBBC0F1CC724C000DED7FC /* Debug */,
				5DBBBC101CC724C000DED7FC /* Release */,
			);
			defaultConfigurationIsVisible = 0;
		};
		5DBBBC111CC724C000DED7FC /* Build configuration list for PBXNativeTarget "Demo Of Swift Hello WorldTests" */ = {
			isa = XCConfigurationList;
			buildConfigurations = (
				5DBBBC121CC724C000DED7FC /* Debug */,
				5DBBBC131CC724C000DED7FC /* Release */,
			);
			defaultConfigurationIsVisible = 0;
		};
		5DBBBC141CC724C000DED7FC /* Build configuration list for PBXNativeTarget "Demo Of Swift Hello WorldUITests" */ = {
			isa = XCConfigurationList;
			buildConfigurations = (
				5DBBBC151CC724C000DED7FC /* Debug */,
				5DBBBC161CC724C000DED7FC /* Release */,
			);
			defaultConfigurationIsVisible = 0;
		};
/* End XCConfigurationList section */

/* Begin XCVersionGroup section */
		5DBBBBED1CC724C000DED7FC /* Demo_Of_Swift_Hello_World.xcdatamodeld */ = {
			isa = XCVersionGroup;
			children = (
				5DBBBBEE1CC724C000DED7FC /* Demo_Of_Swift_Hello_World.xcdatamodel */,
			);
			currentVersion = 5DBBBBEE1CC724C000DED7FC /* Demo_Of_Swift_Hello_World.xcdatamodel */;
			path = Demo_Of_Swift_Hello_World.xcdatamodeld;
			sourceTree = "<group>";
			versionGroupType = wrapper.xcdatamodel;
		};
/* End XCVersionGroup section */
	};
	rootObject = 5DBBBBDB1CC724BF00DED7FC /* Project object */;
}
